
Microsoft Visual Studio Solution File, Format Version 12.00
# Visual Studio Version 17
VisualStudioVersion = 17.8.34525.116
MinimumVisualStudioVersion = 10.0.40219.1
Project("{9A19103F-16F7-4668-BE54-9A1E7A4F7556}") = "UserAuthorization.API", "UserAuthorization.API\UserAuthorization.API.csproj", "{EA6A75F6-0385-495A-A61C-2060E8D4FA2F}"
EndProject
Project("{FAE04EC0-301F-11D3-BF4B-00C04F79EFBC}") = "UserAuthorization.Facade", "UserAuthorization.Facade\UserAuthorization.Facade.csproj", "{CFA347AF-6C90-4AA4-87E8-B56E79CEF4A6}"
EndProject
Global
	GlobalSection(SolutionConfigurationPlatforms) = preSolution
		Debug|Any CPU = Debug|Any CPU
		Release|Any CPU = Release|Any CPU
	EndGlobalSection
	GlobalSection(ProjectConfigurationPlatforms) = postSolution
		{EA6A75F6-0385-495A-A61C-2060E8D4FA2F}.Debug|Any CPU.ActiveCfg = Debug|Any CPU
		{EA6A75F6-0385-495A-A61C-2060E8D4FA2F}.Debug|Any CPU.Build.0 = Debug|Any CPU
		{EA6A75F6-0385-495A-A61C-2060E8D4FA2F}.Release|Any CPU.ActiveCfg = Release|Any CPU
		{EA6A75F6-0385-495A-A61C-2060E8D4FA2F}.Release|Any CPU.Build.0 = Release|Any CPU
		{CFA347AF-6C90-4AA4-87E8-B56E79CEF4A6}.Debug|Any CPU.ActiveCfg = Debug|Any CPU
		{CFA347AF-6C90-4AA4-87E8-B56E79CEF4A6}.Debug|Any CPU.Build.0 = Debug|Any CPU
		{CFA347AF-6C90-4AA4-87E8-B56E79CEF4A6}.Release|Any CPU.ActiveCfg = Release|Any CPU
		{CFA347AF-6C90-4AA4-87E8-B56E79CEF4A6}.Release|Any CPU.Build.0 = Release|Any CPU
	EndGlobalSection
	GlobalSection(SolutionProperties) = preSolution
		HideSolutionNode = FALSE
	EndGlobalSection
	GlobalSection(ExtensibilityGlobals) = postSolution
		SolutionGuid = {3DD74137-E061-4948-8216-235C3F07E2F1}
	EndGlobalSection
EndGlobal
